// !$*UTF8*$!
{
	archiveVersion = 1;
	classes = {
	};
	objectVersion = 50;
	objects = {

/* Begin PBXBuildFile section */
		C2F9EB60249AA1B2008EF354 /* AppDelegate.swift in Sources */ = {isa = PBXBuildFile; fileRef = C2F9EB5F249AA1B2008EF354 /* AppDelegate.swift */; };
		C2F9EB62249AA1B2008EF354 /* SceneDelegate.swift in Sources */ = {isa = PBXBuildFile; fileRef = C2F9EB61249AA1B2008EF354 /* SceneDelegate.swift */; };
		C2F9EB64249AA1B2008EF354 /* ViewController.swift in Sources */ = {isa = PBXBuildFile; fileRef = C2F9EB63249AA1B2008EF354 /* ViewController.swift */; };
		C2F9EB67249AA1B2008EF354 /* Main.storyboard in Resources */ = {isa = PBXBuildFile; fileRef = C2F9EB65249AA1B2008EF354 /* Main.storyboard */; };
		C2F9EB69249AA1B3008EF354 /* Assets.xcassets in Resources */ = {isa = PBXBuildFile; fileRef = C2F9EB68249AA1B3008EF354 /* Assets.xcassets */; };
		C2F9EB6C249AA1B3008EF354 /* LaunchScreen.storyboard in Resources */ = {isa = PBXBuildFile; fileRef = C2F9EB6A249AA1B3008EF354 /* LaunchScreen.storyboard */; };
/* End PBXBuildFile section */

/* Begin PBXFileReference section */
		C2F9EB5C249AA1B2008EF354 /* MyPayTabs.app */ = {isa = PBXFileReference; explicitFileType = wrapper.application; includeInIndex = 0; path = MyPayTabs.app; sourceTree = BUILT_PRODUCTS_DIR; };
		C2F9EB5F249AA1B2008EF354 /* AppDelegate.swift */ = {isa = PBXFileReference; lastKnownFileType = sourcecode.swift; path = AppDelegate.swift; sourceTree = "<group>"; };
		C2F9EB61249AA1B2008EF354 /* SceneDelegate.swift */ = {isa = PBXFileReference; lastKnownFileType = sourcecode.swift; path = SceneDelegate.swift; sourceTree = "<group>"; };
		C2F9EB63249AA1B2008EF354 /* ViewController.swift */ = {isa = PBXFileReference; lastKnownFileType = sourcecode.swift; path = ViewController.swift; sourceTree = "<group>"; };
		C2F9EB66249AA1B2008EF354 /* Base */ = {isa = PBXFileReference; lastKnownFileType = file.storyboard; name = Base; path = Base.lproj/Main.storyboard; sourceTree = "<group>"; };
		C2F9EB68249AA1B3008EF354 /* Assets.xcassets */ = {isa = PBXFileReference; lastKnownFileType = folder.assetcatalog; path = Assets.xcassets; sourceTree = "<group>"; };
		C2F9EB6B249AA1B3008EF354 /* Base */ = {isa = PBXFileReference; lastKnownFileType = file.storyboard; name = Base; path = Base.lproj/LaunchScreen.storyboard; sourceTree = "<group>"; };
		C2F9EB6D249AA1B3008EF354 /* Info.plist */ = {isa = PBXFileReference; lastKnownFileType = text.plist.xml; path = Info.plist; sourceTree = "<group>"; };
/* End PBXFileReference section */

/* Begin PBXFrameworksBuildPhase section */
		C2F9EB59249AA1B2008EF354 /* Frameworks */ = {
			isa = PBXFrameworksBuildPhase;
			buildActionMask = 2147483647;
			files = (
			);
			runOnlyForDeploymentPostprocessing = 0;
		};
/* End PBXFrameworksBuildPhase section */

/* Begin PBXGroup section */
		C2F9EB53249AA1B2008EF354 = {
			isa = PBXGroup;
			children = (
				C2F9EB5E249AA1B2008EF354 /* MyPayTabs */,
				C2F9EB5D249AA1B2008EF354 /* Products */,
			);
			sourceTree = "<group>";
		};
		C2F9EB5D249AA1B2008EF354 /* Products */ = {
			isa = PBXGroup;
			children = (
				C2F9EB5C249AA1B2008EF354 /* MyPayTabs.app */,
			);
			name = Products;
			sourceTree = "<group>";
		};
		C2F9EB5E249AA1B2008EF354 /* MyPayTabs */ = {
			isa = PBXGroup;
			children = (
				C2F9EB5F249AA1B2008EF354 /* AppDelegate.swift */,
				C2F9EB61249AA1B2008EF354 /* SceneDelegate.swift */,
				C2F9EB63249AA1B2008EF354 /* ViewController.swift */,
				C2F9EB65249AA1B2008EF354 /* Main.storyboard */,
				C2F9EB68249AA1B3008EF354 /* Assets.xcassets */,
				C2F9EB6A249AA1B3008EF354 /* LaunchScreen.storyboard */,
				C2F9EB6D249AA1B3008EF354 /* Info.plist */,
			);
			path = MyPayTabs;
			sourceTree = "<group>";
		};
/* End PBXGroup section */

/* Begin PBXNativeTarget section */
		C2F9EB5B249AA1B2008EF354 /* MyPayTabs */ = {
			isa = PBXNativeTarget;
			buildConfigurationList = C2F9EB70249AA1B3008EF354 /* Build configuration list for PBXNativeTarget "MyPayTabs" */;
			buildPhases = (
				C2F9EB58249AA1B2008EF354 /* Sources */,
				C2F9EB59249AA1B2008EF354 /* Frameworks */,
				C2F9EB5A249AA1B2008EF354 /* Resources */,
			);
			buildRules = (
			);
			dependencies = (
			);
			name = MyPayTabs;
			productName = MyPayTabs;
			productReference = C2F9EB5C249AA1B2008EF354 /* MyPayTabs.app */;
			productType = "com.apple.product-type.application";
		};
/* End PBXNativeTarget section */

/* Begin PBXProject section */
		C2F9EB54249AA1B2008EF354 /* Project object */ = {
			isa = PBXProject;
			attributes = {
				LastSwiftUpdateCheck = 1130;
				LastUpgradeCheck = 1130;
				ORGANIZATIONNAME = "Soufian Hossam";
				TargetAttributes = {
					C2F9EB5B249AA1B2008EF354 = {
						CreatedOnToolsVersion = 11.3.1;
					};
				};
			};
			buildConfigurationList = C2F9EB57249AA1B2008EF354 /* Build configuration list for PBXProject "MyPayTabs" */;
			compatibilityVersion = "Xcode 9.3";
			developmentRegion = en;
			hasScannedForEncodings = 0;
			knownRegions = (
				en,
				Base,
			);
			mainGroup = C2F9EB53249AA1B2008EF354;
			productRefGroup = C2F9EB5D249AA1B2008EF354 /* Products */;
			projectDirPath = "";
			projectRoot = "";
			targets = (
				C2F9EB5B249AA1B2008EF354 /* MyPayTabs */,
			);
		};
/* End PBXProject section */

/* Begin PBXResourcesBuildPhase section */
		C2F9EB5A249AA1B2008EF354 /* Resources */ = {
			isa = PBXResourcesBuildPhase;
			buildActionMask = 2147483647;
			files = (
				C2F9EB6C249AA1B3008EF354 /* LaunchScreen.storyboard in Resources */,
				C2F9EB69249AA1B3008EF354 /* Assets.xcassets in Resources */,
				C2F9EB67249AA1B2008EF354 /* Main.storyboard in Resources */,
			);
			runOnlyForDeploymentPostprocessing = 0;
		};
/* End PBXResourcesBuildPhase section */

/* Begin PBXSourcesBuildPhase section */
		C2F9EB58249AA1B2008EF354 /* Sources */ = {
			isa = PBXSourcesBuildPhase;
			buildActionMask = 2147483647;
			files = (
				C2F9EB64249AA1B2008EF354 /* ViewController.swift in Sources */,
				C2F9EB60249AA1B2008EF354 /* AppDelegate.swift in Sources */,
				C2F9EB62249AA1B2008EF354 /* SceneDelegate.swift in Sources */,
			);
			runOnlyForDeploymentPostprocessing = 0;
		};
/* End PBXSourcesBuildPhase section */

/* Begin PBXVariantGroup section */
		C2F9EB65249AA1B2008EF354 /* Main.storyboard */ = {
			isa = PBXVariantGroup;
			children = (
				C2F9EB66249AA1B2008EF354 /* Base */,
			);
			name = Main.storyboard;
			sourceTree = "<group>";
		};
		C2F9EB6A249AA1B3008EF354 /* LaunchScreen.storyboard */ = {
			isa = PBXVariantGroup;
			children = (
				C2F9EB6B249AA1B3008EF354 /* Base */,
			);
			name = LaunchScreen.storyboard;
			sourceTree = "<group>";
		};
/* End PBXVariantGroup section */

/* Begin XCBuildConfiguration section */
		C2F9EB6E249AA1B3008EF354 /* Debug */ = {
			isa = XCBuildConfiguration;
			buildSettings = {
				ALWAYS_SEARCH_USER_PATHS = NO;
				CLANG_ANALYZER_NONNULL = YES;
				CLANG_ANALYZER_NUMBER_OBJECT_CONVERSION = YES_AGGRESSIVE;
				CLANG_CXX_LANGUAGE_STANDARD = "gnu++14";
				CLANG_CXX_LIBRARY = "libc++";
				CLANG_ENABLE_MODULES = YES;
				CLANG_ENABLE_OBJC_ARC = YES;
				CLANG_ENABLE_OBJC_WEAK = YES;
				CLANG_WARN_BLOCK_CAPTURE_AUTORELEASING = YES;
				CLANG_WARN_BOOL_CONVERSION = YES;
				CLANG_WARN_COMMA = YES;
				CLANG_WARN_CONSTANT_CONVERSION = YES;
				CLANG_WARN_DEPRECATED_OBJC_IMPLEMENTATIONS = YES;
				CLANG_WARN_DIRECT_OBJC_ISA_USAGE = YES_ERROR;
				CLANG_WARN_DOCUMENTATION_COMMENTS = YES;
				CLANG_WARN_EMPTY_BODY = YES;
				CLANG_WARN_ENUM_CONVERSION = YES;
				CLANG_WARN_INFINITE_RECURSION = YES;
				CLANG_WARN_INT_CONVERSION = YES;
				CLANG_WARN_NON_LITERAL_NULL_CONVERSION = YES;
				CLANG_WARN_OBJC_IMPLICIT_RETAIN_SELF = YES;
				CLANG_WARN_OBJC_LITERAL_CONVERSION = YES;
				CLANG_WARN_OBJC_ROOT_CLASS = YES_ERROR;
				CLANG_WARN_RANGE_LOOP_ANALYSIS = YES;
				CLANG_WARN_STRICT_PROTOTYPES = YES;
				CLANG_WARN_SUSPICIOUS_MOVE = YES;
				CLANG_WARN_UNGUARDED_AVAILABILITY = YES_AGGRESSIVE;
				CLANG_WARN_UNREACHABLE_CODE = YES;
				CLANG_WARN__DUPLICATE_METHOD_MATCH = YES;
				COPY_PHASE_STRIP = NO;
				DEBUG_INFORMATION_FORMAT = dwarf;
				ENABLE_STRICT_OBJC_MSGSEND = YES;
				ENABLE_TESTABILITY = YES;
				GCC_C_LANGUAGE_STANDARD = gnu11;
				GCC_DYNAMIC_NO_PIC = NO;
				GCC_NO_COMMON_BLOCKS = YES;
				GCC_OPTIMIZATION_LEVEL = 0;
				GCC_PREPROCESSOR_DEFINITIONS = (
					"DEBUG=1",
					"$(inherited)",
				);
				GCC_WARN_64_TO_32_BIT_CONVERSION = YES;
				GCC_WARN_ABOUT_RETURN_TYPE = YES_ERROR;
				GCC_WARN_UNDECLARED_SELECTOR = YES;
				GCC_WARN_UNINITIALIZED_AUTOS = YES_AGGRESSIVE;
				GCC_WARN_UNUSED_FUNCTION = YES;
				GCC_WARN_UNUSED_VARIABLE = YES;
				IPHONEOS_DEPLOYMENT_TARGET = 13.2;
				MTL_ENABLE_DEBUG_INFO = INCLUDE_SOURCE;
				MTL_FAST_MATH = YES;
				ONLY_ACTIVE_ARCH = YES;
				SDKROOT = iphoneos;
				SWIFT_ACTIVE_COMPILATION_CONDITIONS = DEBUG;
				SWIFT_OPTIMIZATION_LEVEL = "-Onone";
			};
			name = Debug;
		};
		C2F9EB6F249AA1B3008EF354 /* Release */ = {
			isa = XCBuildConfiguration;
			buildSettings = {
				ALWAYS_SEARCH_USER_PATHS = NO;
				CLANG_ANALYZER_NONNULL = YES;
				CLANG_ANALYZER_NUMBER_OBJECT_CONVERSION = YES_AGGRESSIVE;
				CLANG_CXX_LANGUAGE_STANDARD = "gnu++14";
				CLANG_CXX_LIBRARY = "libc++";
				CLANG_ENABLE_MODULES = YES;
				CLANG_ENABLE_OBJC_ARC = YES;
				CLANG_ENABLE_OBJC_WEAK = YES;
				CLANG_WARN_BLOCK_CAPTURE_AUTORELEASING = YES;
				CLANG_WARN_BOOL_CONVERSION = YES;
				CLANG_WARN_COMMA = YES;
				CLANG_WARN_CONSTANT_CONVERSION = YES;
				CLANG_WARN_DEPRECATED_OBJC_IMPLEMENTATIONS = YES;
				CLANG_WARN_DIRECT_OBJC_ISA_USAGE = YES_ERROR;
				CLANG_WARN_DOCUMENTATION_COMMENTS = YES;
				CLANG_WARN_EMPTY_BODY = YES;
				CLANG_WARN_ENUM_CONVERSION = YES;
				CLANG_WARN_INFINITE_RECURSION = YES;
				CLANG_WARN_INT_CONVERSION = YES;
				CLANG_WARN_NON_LITERAL_NULL_CONVERSION = YES;
				CLANG_WARN_OBJC_IMPLICIT_RETAIN_SELF = YES;
				CLANG_WARN_OBJC_LITERAL_CONVERSION = YES;
				CLANG_WARN_OBJC_ROOT_CLASS = YES_ERROR;
				CLANG_WARN_RANGE_LOOP_ANALYSIS = YES;
				CLANG_WARN_STRICT_PROTOTYPES = YES;
				CLANG_WARN_SUSPICIOUS_MOVE = YES;
				CLANG_WARN_UNGUARDED_AVAILABILITY = YES_AGGRESSIVE;
				CLANG_WARN_UNREACHABLE_CODE = YES;
				CLANG_WARN__DUPLICATE_METHOD_MATCH = YES;
				COPY_PHASE_STRIP = NO;
				DEBUG_INFORMATION_FORMAT = "dwarf-with-dsym";
				ENABLE_NS_ASSERTIONS = NO;
				ENABLE_STRICT_OBJC_MSGSEND = YES;
				GCC_C_LANGUAGE_STANDARD = gnu11;
				GCC_NO_COMMON_BLOCKS = YES;
				GCC_WARN_64_TO_32_BIT_CONVERSION = YES;
				GCC_WARN_ABOUT_RETURN_TYPE = YES_ERROR;
				GCC_WARN_UNDECLARED_SELECTOR = YES;
				GCC_WARN_UNINITIALIZED_AUTOS = YES_AGGRESSIVE;
				GCC_WARN_UNUSED_FUNCTION = YES;
				GCC_WARN_UNUSED_VARIABLE = YES;
				IPHONEOS_DEPLOYMENT_TARGET = 13.2;
				MTL_ENABLE_DEBUG_INFO = NO;
				MTL_FAST_MATH = YES;
				SDKROOT = iphoneos;
				SWIFT_COMPILATION_MODE = wholemodule;
				SWIFT_OPTIMIZATION_LEVEL = "-O";
				VALIDATE_PRODUCT = YES;
			};
			name = Release;
		};
		C2F9EB71249AA1B3008EF354 /* Debug */ = {
			isa = XCBuildConfiguration;
			buildSettings = {
				ASSETCATALOG_COMPILER_APPICON_NAME = AppIcon;
				CODE_SIGN_STYLE = Automatic;
				DEVELOPMENT_TEAM = 86MGZ7B3XL;
				INFOPLIST_FILE = MyPayTabs/Info.plist;
				LD_RUNPATH_SEARCH_PATHS = (
					"$(inherited)",
					"@executable_path/Frameworks",
				);
				PRODUCT_BUNDLE_IDENTIFIER = com.SoufianTest.MyPayTabs;
				PRODUCT_NAME = "$(TARGET_NAME)";
				SWIFT_VERSION = 5.0;
				TARGETED_DEVICE_FAMILY = "1,2";
			};
			name = Debug;
		};
		C2F9EB72249AA1B3008EF354 /* Release */ = {
			isa = XCBuildConfiguration;
			buildSettings = {
				ASSETCATALOG_COMPILER_APPICON_NAME = AppIcon;
				CODE_SIGN_STYLE = Automatic;
				DEVELOPMENT_TEAM = 86MGZ7B3XL;
				INFOPLIST_FILE = MyPayTabs/Info.plist;
				LD_RUNPATH_SEARCH_PATHS = (
					"$(inherited)",
					"@executable_path/Frameworks",
				);
				PRODUCT_BUNDLE_IDENTIFIER = com.SoufianTest.MyPayTabs;
				PRODUCT_NAME = "$(TARGET_NAME)";
				SWIFT_VERSION = 5.0;
				TARGETED_DEVICE_FAMILY = "1,2";
			};
			name = Release;
		};
/* End XCBuildConfiguration section */

/* Begin XCConfigurationList section */
		C2F9EB57249AA1B2008EF354 /* Build configuration list for PBXProject "MyPayTabs" */ = {
			isa = XCConfigurationList;
			buildConfigurations = (
				C2F9EB6E249AA1B3008EF354 /* Debug */,
				C2F9EB6F249AA1B3008EF354 /* Release */,
			);
			defaultConfigurationIsVisible = 0;
			defaultConfigurationName = Release;
		};
		C2F9EB70249AA1B3008EF354 /* Build configuration list for PBXNativeTarget "MyPayTabs" */ = {
			isa = XCConfigurationList;
			buildConfigurations = (
				C2F9EB71249AA1B3008EF354 /* Debug */,
				C2F9EB72249AA1B3008EF354 /* Release */,
			);
			defaultConfigurationIsVisible = 0;
			defaultConfigurationName = Release;
		};
/* End XCConfigurationList section */
	};
	rootObject = C2F9EB54249AA1B2008EF354 /* Project object */;
}
